
Microsoft Visual Studio Solution File, Format Version 12.00
# Visual Studio Version 16
VisualStudioVersion = 16.0.30114.105
MinimumVisualStudioVersion = 10.0.40219.1
Project("{FAE04EC0-301F-11D3-BF4B-00C04F79EFBC}") = "ltgraph.api", "ltgraph.api\ltgraph.api.csproj", "{601F7376-F6D3-434D-B7C5-D32313F2A7F0}"
EndProject
Project("{FAE04EC0-301F-11D3-BF4B-00C04F79EFBC}") = "ltgraph.domain", "ltgraph.domain\ltgraph.domain.csproj", "{91341F1C-4544-4332-B336-3DF5D30ADA19}"
EndProject
Project("{FAE04EC0-301F-11D3-BF4B-00C04F79EFBC}") = "ltgraph.infrastructure", "ltgraph.infrastructure\ltgraph.infrastructure.csproj", "{389EFC02-9A9B-460E-A65C-73777EBDA372}"
EndProject
Global
	GlobalSection(SolutionConfigurationPlatforms) = preSolution
		Debug|Any CPU = Debug|Any CPU
		Release|Any CPU = Release|Any CPU
	EndGlobalSection
	GlobalSection(SolutionProperties) = preSolution
		HideSolutionNode = FALSE
	EndGlobalSection
	GlobalSection(ProjectConfigurationPlatforms) = postSolution
		{601F7376-F6D3-434D-B7C5-D32313F2A7F0}.Debug|Any CPU.ActiveCfg = Debug|Any CPU
		{601F7376-F6D3-434D-B7C5-D32313F2A7F0}.Debug|Any CPU.Build.0 = Debug|Any CPU
		{601F7376-F6D3-434D-B7C5-D32313F2A7F0}.Release|Any CPU.ActiveCfg = Release|Any CPU
		{601F7376-F6D3-434D-B7C5-D32313F2A7F0}.Release|Any CPU.Build.0 = Release|Any CPU
		{91341F1C-4544-4332-B336-3DF5D30ADA19}.Debug|Any CPU.ActiveCfg = Debug|Any CPU
		{91341F1C-4544-4332-B336-3DF5D30ADA19}.Debug|Any CPU.Build.0 = Debug|Any CPU
		{91341F1C-4544-4332-B336-3DF5D30ADA19}.Release|Any CPU.ActiveCfg = Release|Any CPU
		{91341F1C-4544-4332-B336-3DF5D30ADA19}.Release|Any CPU.Build.0 = Release|Any CPU
		{389EFC02-9A9B-460E-A65C-73777EBDA372}.Debug|Any CPU.ActiveCfg = Debug|Any CPU
		{389EFC02-9A9B-460E-A65C-73777EBDA372}.Debug|Any CPU.Build.0 = Debug|Any CPU
		{389EFC02-9A9B-460E-A65C-73777EBDA372}.Release|Any CPU.ActiveCfg = Release|Any CPU
		{389EFC02-9A9B-460E-A65C-73777EBDA372}.Release|Any CPU.Build.0 = Release|Any CPU
	EndGlobalSection
EndGlobal
